github.com/blinkbean/dingtalk v0.0.0-20210905093040-7d935c0f7e19 h1:pamuM2sgLJLoMWfchc6y071z8ifalajU7btZmZNhoH4=
github.com/blinkbean/dingtalk v0.0.0-20210905093040-7d935c0f7e19/go.mod h1:9BaLuGSBqY3vT5hstValh48DbsKO7vaHaJnG9pXwbto=
github.com/go-sql-driver/mysql v1.7.0 h1:ueSltNNllEqE3qcWBTD0iQd3IpL/6U+mJxLkazJ7YPc=
github.com/go-sql-driver/mysql v1.7.0/go.mod h1:OXbVy3sEdcQ2Doequ6Z5BW6fXNQTmx+9S1MCJN5yJMI=
