github.com/ArchitectPPN/golangHelper v0.0.0-20230408083245-29389ada3e88 h1:Exicox8WE8spJR6jK+SSZ+iEZMSABjhRZVGbfTLxUcU=
github.com/ArchitectPPN/golangHelper v0.0.0-20230408083245-29389ada3e88/go.mod h1:04+/Jp5pi1ozFkq0EOpjzFFQ2tJaimab66DlyNegtIA=
github.com/ArchitectPPN/golangHelper v1.0.0 h1:1r1ycm1+g+7c6eVa8ufCfNLFJgIsTqHNSH/I6R/E5DQ=
github.com/ArchitectPPN/golangHelper v1.0.0/go.mod h1:04+/Jp5pi1ozFkq0EOpjzFFQ2tJaimab66DlyNegtIA=
github.com/ArchitectPPN/golangHelper v1.0.1 h1:RbqYx2337iZ2/bO8RLLyyPfa4EkKkv2pTSH6ZjcV44E=
github.com/ArchitectPPN/golangHelper v1.0.1/go.mod h1:04+/Jp5pi1ozFkq0EOpjzFFQ2tJaimab66DlyNegtIA=
github.com/ArchitectPPN/golangHelper v1.0.2 h1:tLBSbYDe5V7YvDDPZggShMwDfaAWpBLrBdw3mu8T4qE=
github.com/ArchitectPPN/golangHelper v1.0.2/go.mod h1:04+/Jp5pi1ozFkq0EOpjzFFQ2tJaimab66DlyNegtIA=
